
Microsoft Visual Studio Solution File, Format Version 12.00
# Visual Studio Version 16
VisualStudioVersion = 16.0.30114.105
MinimumVisualStudioVersion = 10.0.40219.1
Project("{FAE04EC0-301F-11D3-BF4B-00C04F79EFBC}") = "HelloWorld_Crowe_Horwath", "HelloWorld_Crowe_Horwath\HelloWorld_Crowe_Horwath.csproj", "{4E68B1EB-412A-433A-87E5-41085B679BBD}"
EndProject
Project("{FAE04EC0-301F-11D3-BF4B-00C04F79EFBC}") = "HelloWorld_Crowe_Horwath_API_Services", "HelloWorld_Crowe_Horwath_API_Services\HelloWorld_Crowe_Horwath_API_Services.csproj", "{98EF5FDA-05BD-41F9-801C-9A634200733A}"
EndProject
Global
	GlobalSection(SolutionConfigurationPlatforms) = preSolution
		Debug|Any CPU = Debug|Any CPU
		Release|Any CPU = Release|Any CPU
	EndGlobalSection
	GlobalSection(ProjectConfigurationPlatforms) = postSolution
		{4E68B1EB-412A-433A-87E5-41085B679BBD}.Debug|Any CPU.ActiveCfg = Debug|Any CPU
		{4E68B1EB-412A-433A-87E5-41085B679BBD}.Debug|Any CPU.Build.0 = Debug|Any CPU
		{4E68B1EB-412A-433A-87E5-41085B679BBD}.Release|Any CPU.ActiveCfg = Release|Any CPU
		{4E68B1EB-412A-433A-87E5-41085B679BBD}.Release|Any CPU.Build.0 = Release|Any CPU
		{98EF5FDA-05BD-41F9-801C-9A634200733A}.Debug|Any CPU.ActiveCfg = Debug|Any CPU
		{98EF5FDA-05BD-41F9-801C-9A634200733A}.Debug|Any CPU.Build.0 = Debug|Any CPU
		{98EF5FDA-05BD-41F9-801C-9A634200733A}.Release|Any CPU.ActiveCfg = Release|Any CPU
		{98EF5FDA-05BD-41F9-801C-9A634200733A}.Release|Any CPU.Build.0 = Release|Any CPU
	EndGlobalSection
	GlobalSection(SolutionProperties) = preSolution
		HideSolutionNode = FALSE
	EndGlobalSection
	GlobalSection(ExtensibilityGlobals) = postSolution
		SolutionGuid = {E1B4A952-E6D7-458C-A4E9-77C6DF5FF5FF}
	EndGlobalSection
EndGlobal
